
Microsoft Visual Studio Solution File, Format Version 12.00
# Visual Studio 2012
Project("{FAE04EC0-301F-11D3-BF4B-00C04F79EFBC}") = "EleccionesRD", "EleccionesRD\EleccionesRD.csproj", "{F51A2BBF-AFF7-4789-A22C-497F87D6503C}"
EndProject
Global
	GlobalSection(SolutionConfigurationPlatforms) = preSolution
		Debug|Any CPU = Debug|Any CPU
		Release|Any CPU = Release|Any CPU
	EndGlobalSection
	GlobalSection(ProjectConfigurationPlatforms) = postSolution
		{F51A2BBF-AFF7-4789-A22C-497F87D6503C}.Debug|Any CPU.ActiveCfg = Debug|Any CPU
		{F51A2BBF-AFF7-4789-A22C-497F87D6503C}.Debug|Any CPU.Build.0 = Debug|Any CPU
		{F51A2BBF-AFF7-4789-A22C-497F87D6503C}.Release|Any CPU.ActiveCfg = Release|Any CPU
		{F51A2BBF-AFF7-4789-A22C-497F87D6503C}.Release|Any CPU.Build.0 = Release|Any CPU
	EndGlobalSection
EndGlobal
